
Microsoft Visual Studio Solution File, Format Version 12.00
# Visual Studio Version 17
VisualStudioVersion = 17.4.33122.133
MinimumVisualStudioVersion = 10.0.40219.1
Project("{9A19103F-16F7-4668-BE54-9A1E7A4F7556}") = "csharp-learning", "csharp-learning\csharp-learning.csproj", "{F33BD9D8-5CEE-4F4A-9FCE-600FB1C823FB}"
EndProject
Project("{2150E333-8FDC-42A3-9474-1A3956D46DE8}") = "Элементы решения", "Элементы решения", "{591FBF70-5162-4A70-BD3D-97A37321B387}"
	ProjectSection(SolutionItems) = preProject
		.gitignore = .gitignore
		README.md = README.md
	EndProjectSection
EndProject
Global
	GlobalSection(SolutionConfigurationPlatforms) = preSolution
		Debug|Any CPU = Debug|Any CPU
		Release|Any CPU = Release|Any CPU
	EndGlobalSection
	GlobalSection(ProjectConfigurationPlatforms) = postSolution
		{F33BD9D8-5CEE-4F4A-9FCE-600FB1C823FB}.Debug|Any CPU.ActiveCfg = Debug|Any CPU
		{F33BD9D8-5CEE-4F4A-9FCE-600FB1C823FB}.Debug|Any CPU.Build.0 = Debug|Any CPU
		{F33BD9D8-5CEE-4F4A-9FCE-600FB1C823FB}.Release|Any CPU.ActiveCfg = Release|Any CPU
		{F33BD9D8-5CEE-4F4A-9FCE-600FB1C823FB}.Release|Any CPU.Build.0 = Release|Any CPU
	EndGlobalSection
	GlobalSection(SolutionProperties) = preSolution
		HideSolutionNode = FALSE
	EndGlobalSection
	GlobalSection(ExtensibilityGlobals) = postSolution
		SolutionGuid = {1B28FCD8-71E7-4C6C-9E78-B4C264800C7F}
	EndGlobalSection
EndGlobal
